
Microsoft Visual Studio Solution File, Format Version 12.00
# Visual Studio 15
VisualStudioVersion = 15.0.28307.421
MinimumVisualStudioVersion = 10.0.40219.1
Project("{888888A0-9F3D-457C-B088-3A5042F75D52}") = "ie-digital-coding-challenge", "ie-digital-coding-challenge\ie-digital-coding-challenge.pyproj", "{63A2810B-A6C5-42B8-8FB8-04A296315C52}"
EndProject
Global
	GlobalSection(SolutionConfigurationPlatforms) = preSolution
		Debug|Any CPU = Debug|Any CPU
		Release|Any CPU = Release|Any CPU
	EndGlobalSection
	GlobalSection(ProjectConfigurationPlatforms) = postSolution
		{63A2810B-A6C5-42B8-8FB8-04A296315C52}.Debug|Any CPU.ActiveCfg = Debug|Any CPU
		{63A2810B-A6C5-42B8-8FB8-04A296315C52}.Release|Any CPU.ActiveCfg = Release|Any CPU
	EndGlobalSection
	GlobalSection(SolutionProperties) = preSolution
		HideSolutionNode = FALSE
	EndGlobalSection
	GlobalSection(ExtensibilityGlobals) = postSolution
		SolutionGuid = {0975DCD6-9144-4F9D-9002-3D0EF0D92423}
	EndGlobalSection
EndGlobal
